
Microsoft Visual Studio Solution File, Format Version 12.00
# Visual Studio Version 17
VisualStudioVersion = 17.4.33103.184
MinimumVisualStudioVersion = 10.0.40219.1
Project("{FAE04EC0-301F-11D3-BF4B-00C04F79EFBC}") = "CSharp WebView2 Starter Ollari1", "CSharp WebView2 Starter Ollari1.csproj", "{A1204B91-4AF3-4C9D-9F46-143F0ED230E5}"
EndProject
Global
	GlobalSection(SolutionConfigurationPlatforms) = preSolution
		Debug|Any CPU = Debug|Any CPU
		Release|Any CPU = Release|Any CPU
	EndGlobalSection
	GlobalSection(ProjectConfigurationPlatforms) = postSolution
		{A1204B91-4AF3-4C9D-9F46-143F0ED230E5}.Debug|Any CPU.ActiveCfg = Debug|Any CPU
		{A1204B91-4AF3-4C9D-9F46-143F0ED230E5}.Debug|Any CPU.Build.0 = Debug|Any CPU
		{A1204B91-4AF3-4C9D-9F46-143F0ED230E5}.Release|Any CPU.ActiveCfg = Release|Any CPU
		{A1204B91-4AF3-4C9D-9F46-143F0ED230E5}.Release|Any CPU.Build.0 = Release|Any CPU
	EndGlobalSection
	GlobalSection(SolutionProperties) = preSolution
		HideSolutionNode = FALSE
	EndGlobalSection
	GlobalSection(ExtensibilityGlobals) = postSolution
		SolutionGuid = {CD53CB28-ACDE-47F8-8FE3-1F61EDC36570}
	EndGlobalSection
EndGlobal
